{
  "name": "fsg-websocket",
  "version": "1.0.0",
  "lockfileVersion": 1,
  "requires": true,
  "dependencies": {
    "bufferview": {
      "version": "1.0.1",
      "resolved": "https://registry.npmjs.org/bufferview/-/bufferview-1.0.1.tgz",
      "integrity": "sha1-ev10pF+Tf6QiodM4wIu/3HbNcl0="
    },
    "bytebuffer": {
      "version": "3.5.5",
      "resolved": "https://registry.npmjs.org/bytebuffer/-/bytebuffer-3.5.5.tgz",
      "integrity": "sha1-em+vGhNRSwg/H8+VQcTJv75+f9M=",
      "requires": {
        "bufferview": "~1",
        "long": "~2 >=2.2.3"
      }
    },
    "long": {
      "version": "2.4.0",
      "resolved": "https://registry.npmjs.org/long/-/long-2.4.0.tgz",
      "integrity": "sha1-n6GAux2VAM3CnEFWdmoZleH0Uk8="
    },
    "pson": {
      "version": "2.0.0",
      "resolved": "https://registry.npmjs.org/pson/-/pson-2.0.0.tgz",
      "integrity": "sha1-kgCot5VKU/B3PjZo2wNBJkWVOHo=",
      "requires": {
        "bytebuffer": "~3"
      }
    },
    "uWebSockets.js": {
      "version": "github:uNetworking/uWebSockets.js#b4bc740f46f1508c0f342b999db4d1f9dc80deab",
      "from": "github:uNetworking/uWebSockets.js#v18.14.0"
    }
  }
}
